// !$*UTF8*$!
{
	archiveVersion = 1;
	classes = {
	};
	objectVersion = 46;
	objects = {

/* Begin PBXBuildFile section */
		54364DA81B15E59E003331D1 /* main.m in Sources */ = {isa = PBXBuildFile; fileRef = 54364DA71B15E59E003331D1 /* main.m */; };
		54364DAB1B15E59E003331D1 /* AppDelegate.m in Sources */ = {isa = PBXBuildFile; fileRef = 54364DAA1B15E59E003331D1 /* AppDelegate.m */; };
		54364DAE1B15E59E003331D1 /* ViewController.m in Sources */ = {isa = PBXBuildFile; fileRef = 54364DAD1B15E59E003331D1 /* ViewController.m */; };
		54364DB11B15E59E003331D1 /* Main.storyboard in Resources */ = {isa = PBXBuildFile; fileRef = 54364DAF1B15E59E003331D1 /* Main.storyboard */; };
		54364DB31B15E59E003331D1 /* Images.xcassets in Resources */ = {isa = PBXBuildFile; fileRef = 54364DB21B15E59E003331D1 /* Images.xcassets */; };
		54364DB61B15E59E003331D1 /* LaunchScreen.xib in Resources */ = {isa = PBXBuildFile; fileRef = 54364DB41B15E59E003331D1 /* LaunchScreen.xib */; };
		54364DC21B15E59E003331D1 /* WestpacTestTests.m in Sources */ = {isa = PBXBuildFile; fileRef = 54364DC11B15E59E003331D1 /* WestpacTestTests.m */; };
/* End PBXBuildFile section */

/* Begin PBXContainerItemProxy section */
		54364DBC1B15E59E003331D1 /* PBXContainerItemProxy */ = {
			isa = PBXContainerItemProxy;
			containerPortal = 54364D9A1B15E59E003331D1 /* Project object */;
			proxyType = 1;
			remoteGlobalIDString = 54364DA11B15E59E003331D1;
			remoteInfo = WestpacTest;
		};
/* End PBXContainerItemProxy section */

/* Begin PBXFileReference section */
		54364DA21B15E59E003331D1 /* WestpacTest.app */ = {isa = PBXFileReference; explicitFileType = wrapper.application; includeInIndex = 0; path = WestpacTest.app; sourceTree = BUILT_PRODUCTS_DIR; };
		54364DA61B15E59E003331D1 /* Info.plist */ = {isa = PBXFileReference; lastKnownFileType = text.plist.xml; path = Info.plist; sourceTree = "<group>"; };
		54364DA71B15E59E003331D1 /* main.m */ = {isa = PBXFileReference; lastKnownFileType = sourcecode.c.objc; path = main.m; sourceTree = "<group>"; };
		54364DA91B15E59E003331D1 /* AppDelegate.h */ = {isa = PBXFileReference; lastKnownFileType = sourcecode.c.h; path = AppDelegate.h; sourceTree = "<group>"; };
		54364DAA1B15E59E003331D1 /* AppDelegate.m */ = {isa = PBXFileReference; lastKnownFileType = sourcecode.c.objc; path = AppDelegate.m; sourceTree = "<group>"; };
		54364DAC1B15E59E003331D1 /* ViewController.h */ = {isa = PBXFileReference; lastKnownFileType = sourcecode.c.h; path = ViewController.h; sourceTree = "<group>"; };
		54364DAD1B15E59E003331D1 /* ViewController.m */ = {isa = PBXFileReference; lastKnownFileType = sourcecode.c.objc; path = ViewController.m; sourceTree = "<group>"; };
		54364DB01B15E59E003331D1 /* Base */ = {isa = PBXFileReference; lastKnownFileType = file.storyboard; name = Base; path = Base.lproj/Main.storyboard; sourceTree = "<group>"; };
		54364DB21B15E59E003331D1 /* Images.xcassets */ = {isa = PBXFileReference; lastKnownFileType = folder.assetcatalog; path = Images.xcassets; sourceTree = "<group>"; };
		54364DB51B15E59E003331D1 /* Base */ = {isa = PBXFileReference; lastKnownFileType = file.xib; name = Base; path = Base.lproj/LaunchScreen.xib; sourceTree = "<group>"; };
		54364DBB1B15E59E003331D1 /* WestpacTestTests.xctest */ = {isa = PBXFileReference; explicitFileType = wrapper.cfbundle; includeInIndex = 0; path = WestpacTestTests.xctest; sourceTree = BUILT_PRODUCTS_DIR; };
		54364DC01B15E59E003331D1 /* Info.plist */ = {isa = PBXFileReference; lastKnownFileType = text.plist.xml; path = Info.plist; sourceTree = "<group>"; };
		54364DC11B15E59E003331D1 /* WestpacTestTests.m */ = {isa = PBXFileReference; lastKnownFileType = sourcecode.c.objc; path = WestpacTestTests.m; sourceTree = "<group>"; };
/* End PBXFileReference section */

/* Begin PBXFrameworksBuildPhase section */
		54364D9F1B15E59E003331D1 /* Frameworks */ = {
			isa = PBXFrameworksBuildPhase;
			buildActionMask = 2147483647;
			files = (
			);
			runOnlyForDeploymentPostprocessing = 0;
		};
		54364DB81B15E59E003331D1 /* Frameworks */ = {
			isa = PBXFrameworksBuildPhase;
			buildActionMask = 2147483647;
			files = (
			);
			runOnlyForDeploymentPostprocessing = 0;
		};
/* End PBXFrameworksBuildPhase section */

/* Begin PBXGroup section */
		54364D991B15E59E003331D1 = {
			isa = PBXGroup;
			children = (
				54364DA41B15E59E003331D1 /* WestpacTest */,
				54364DBE1B15E59E003331D1 /* WestpacTestTests */,
				54364DA31B15E59E003331D1 /* Products */,
			);
			sourceTree = "<group>";
		};
		54364DA31B15E59E003331D1 /* Products */ = {
			isa = PBXGroup;
			children = (
				54364DA21B15E59E003331D1 /* WestpacTest.app */,
				54364DBB1B15E59E003331D1 /* WestpacTestTests.xctest */,
			);
			name = Products;
			sourceTree = "<group>";
		};
		54364DA41B15E59E003331D1 /* WestpacTest */ = {
			isa = PBXGroup;
			children = (
				54364DA91B15E59E003331D1 /* AppDelegate.h */,
				54364DAA1B15E59E003331D1 /* AppDelegate.m */,
				54364DAC1B15E59E003331D1 /* ViewController.h */,
				54364DAD1B15E59E003331D1 /* ViewController.m */,
				54364DAF1B15E59E003331D1 /* Main.storyboard */,
				54364DB21B15E59E003331D1 /* Images.xcassets */,
				54364DB41B15E59E003331D1 /* LaunchScreen.xib */,
				54364DA51B15E59E003331D1 /* Supporting Files */,
			);
			path = WestpacTest;
			sourceTree = "<group>";
		};
		54364DA51B15E59E003331D1 /* Supporting Files */ = {
			isa = PBXGroup;
			children = (
				54364DA61B15E59E003331D1 /* Info.plist */,
				54364DA71B15E59E003331D1 /* main.m */,
			);
			name = "Supporting Files";
			sourceTree = "<group>";
		};
		54364DBE1B15E59E003331D1 /* WestpacTestTests */ = {
			isa = PBXGroup;
			children = (
				54364DC11B15E59E003331D1 /* WestpacTestTests.m */,
				54364DBF1B15E59E003331D1 /* Supporting Files */,
			);
			path = WestpacTestTests;
			sourceTree = "<group>";
		};
		54364DBF1B15E59E003331D1 /* Supporting Files */ = {
			isa = PBXGroup;
			children = (
				54364DC01B15E59E003331D1 /* Info.plist */,
			);
			name = "Supporting Files";
			sourceTree = "<group>";
		};
/* End PBXGroup section */

/* Begin PBXNativeTarget section */
		54364DA11B15E59E003331D1 /* WestpacTest */ = {
			isa = PBXNativeTarget;
			buildConfigurationList = 54364DC51B15E59E003331D1 /* Build configuration list for PBXNativeTarget "WestpacTest" */;
			buildPhases = (
				54364D9E1B15E59E003331D1 /* Sources */,
				54364D9F1B15E59E003331D1 /* Frameworks */,
				54364DA01B15E59E003331D1 /* Resources */,
			);
			buildRules = (
			);
			dependencies = (
			);
			name = WestpacTest;
			productName = WestpacTest;
			productReference = 54364DA21B15E59E003331D1 /* WestpacTest.app */;
			productType = "com.apple.product-type.application";
		};
		54364DBA1B15E59E003331D1 /* WestpacTestTests */ = {
			isa = PBXNativeTarget;
			buildConfigurationList = 54364DC81B15E59E003331D1 /* Build configuration list for PBXNativeTarget "WestpacTestTests" */;
			buildPhases = (
				54364DB71B15E59E003331D1 /* Sources */,
				54364DB81B15E59E003331D1 /* Frameworks */,
				54364DB91B15E59E003331D1 /* Resources */,
			);
			buildRules = (
			);
			dependencies = (
				54364DBD1B15E59E003331D1 /* PBXTargetDependency */,
			);
			name = WestpacTestTests;
			productName = WestpacTestTests;
			productReference = 54364DBB1B15E59E003331D1 /* WestpacTestTests.xctest */;
			productType = "com.apple.product-type.bundle.unit-test";
		};
/* End PBXNativeTarget section */

/* Begin PBXProject section */
		54364D9A1B15E59E003331D1 /* Project object */ = {
			isa = PBXProject;
			attributes = {
				LastUpgradeCheck = 0630;
				ORGANIZATIONNAME = "Paulo Pão";
				TargetAttributes = {
					54364DA11B15E59E003331D1 = {
						CreatedOnToolsVersion = 6.3.2;
					};
					54364DBA1B15E59E003331D1 = {
						CreatedOnToolsVersion = 6.3.2;
						TestTargetID = 54364DA11B15E59E003331D1;
					};
				};
			};
			buildConfigurationList = 54364D9D1B15E59E003331D1 /* Build configuration list for PBXProject "WestpacTest" */;
			compatibilityVersion = "Xcode 3.2";
			developmentRegion = English;
			hasScannedForEncodings = 0;
			knownRegions = (
				en,
				Base,
			);
			mainGroup = 54364D991B15E59E003331D1;
			productRefGroup = 54364DA31B15E59E003331D1 /* Products */;
			projectDirPath = "";
			projectRoot = "";
			targets = (
				54364DA11B15E59E003331D1 /* WestpacTest */,
				54364DBA1B15E59E003331D1 /* WestpacTestTests */,
			);
		};
/* End PBXProject section */

/* Begin PBXResourcesBuildPhase section */
		54364DA01B15E59E003331D1 /* Resources */ = {
			isa = PBXResourcesBuildPhase;
			buildActionMask = 2147483647;
			files = (
				54364DB11B15E59E003331D1 /* Main.storyboard in Resources */,
				54364DB61B15E59E003331D1 /* LaunchScreen.xib in Resources */,
				54364DB31B15E59E003331D1 /* Images.xcassets in Resources */,
			);
			runOnlyForDeploymentPostprocessing = 0;
		};
		54364DB91B15E59E003331D1 /* Resources */ = {
			isa = PBXResourcesBuildPhase;
			buildActionMask = 2147483647;
			files = (
			);
			runOnlyForDeploymentPostprocessing = 0;
		};
/* End PBXResourcesBuildPhase section */

/* Begin PBXSourcesBuildPhase section */
		54364D9E1B15E59E003331D1 /* Sources */ = {
			isa = PBXSourcesBuildPhase;
			buildActionMask = 2147483647;
			files = (
				54364DAE1B15E59E003331D1 /* ViewController.m in Sources */,
				54364DAB1B15E59E003331D1 /* AppDelegate.m in Sources */,
				54364DA81B15E59E003331D1 /* main.m in Sources */,
			);
			runOnlyForDeploymentPostprocessing = 0;
		};
		54364DB71B15E59E003331D1 /* Sources */ = {
			isa = PBXSourcesBuildPhase;
			buildActionMask = 2147483647;
			files = (
				54364DC21B15E59E003331D1 /* WestpacTestTests.m in Sources */,
			);
			runOnlyForDeploymentPostprocessing = 0;
		};
/* End PBXSourcesBuildPhase section */

/* Begin PBXTargetDependency section */
		54364DBD1B15E59E003331D1 /* PBXTargetDependency */ = {
			isa = PBXTargetDependency;
			target = 54364DA11B15E59E003331D1 /* WestpacTest */;
			targetProxy = 54364DBC1B15E59E003331D1 /* PBXContainerItemProxy */;
		};
/* End PBXTargetDependency section */

/* Begin PBXVariantGroup section */
		54364DAF1B15E59E003331D1 /* Main.storyboard */ = {
			isa = PBXVariantGroup;
			children = (
				54364DB01B15E59E003331D1 /* Base */,
			);
			name = Main.storyboard;
			sourceTree = "<group>";
		};
		54364DB41B15E59E003331D1 /* LaunchScreen.xib */ = {
			isa = PBXVariantGroup;
			children = (
				54364DB51B15E59E003331D1 /* Base */,
			);
			name = LaunchScreen.xib;
			sourceTree = "<group>";
		};
/* End PBXVariantGroup section */

/* Begin XCBuildConfiguration section */
		54364DC31B15E59E003331D1 /* Debug */ = {
			isa = XCBuildConfiguration;
			buildSettings = {
				ALWAYS_SEARCH_USER_PATHS = NO;
				CLANG_CXX_LANGUAGE_STANDARD = "gnu++0x";
				CLANG_CXX_LIBRARY = "libc++";
				CLANG_ENABLE_MODULES = YES;
				CLANG_ENABLE_OBJC_ARC = YES;
				CLANG_WARN_BOOL_CONVERSION = YES;
				CLANG_WARN_CONSTANT_CONVERSION = YES;
				CLANG_WARN_DIRECT_OBJC_ISA_USAGE = YES_ERROR;
				CLANG_WARN_EMPTY_BODY = YES;
				CLANG_WARN_ENUM_CONVERSION = YES;
				CLANG_WARN_INT_CONVERSION = YES;
				CLANG_WARN_OBJC_ROOT_CLASS = YES_ERROR;
				CLANG_WARN_UNREACHABLE_CODE = YES;
				CLANG_WARN__DUPLICATE_METHOD_MATCH = YES;
				"CODE_SIGN_IDENTITY[sdk=iphoneos*]" = "iPhone Developer";
				COPY_PHASE_STRIP = NO;
				DEBUG_INFORMATION_FORMAT = "dwarf-with-dsym";
				ENABLE_STRICT_OBJC_MSGSEND = YES;
				GCC_C_LANGUAGE_STANDARD = gnu99;
				GCC_DYNAMIC_NO_PIC = NO;
				GCC_NO_COMMON_BLOCKS = YES;
				GCC_OPTIMIZATION_LEVEL = 0;
				GCC_PREPROCESSOR_DEFINITIONS = (
					"DEBUG=1",
					"$(inherited)",
				);
				GCC_SYMBOLS_PRIVATE_EXTERN = NO;
				GCC_WARN_64_TO_32_BIT_CONVERSION = YES;
				GCC_WARN_ABOUT_RETURN_TYPE = YES_ERROR;
				GCC_WARN_UNDECLARED_SELECTOR = YES;
				GCC_WARN_UNINITIALIZED_AUTOS = YES_AGGRESSIVE;
				GCC_WARN_UNUSED_FUNCTION = YES;
				GCC_WARN_UNUSED_VARIABLE = YES;
				IPHONEOS_DEPLOYMENT_TARGET = 8.3;
				MTL_ENABLE_DEBUG_INFO = YES;
				ONLY_ACTIVE_ARCH = YES;
				SDKROOT = iphoneos;
				TARGETED_DEVICE_FAMILY = "1,2";
			};
			name = Debug;
		};
		54364DC41B15E59E003331D1 /* Release */ = {
			isa = XCBuildConfiguration;
			buildSettings = {
				ALWAYS_SEARCH_USER_PATHS = NO;
				CLANG_CXX_LANGUAGE_STANDARD = "gnu++0x";
				CLANG_CXX_LIBRARY = "libc++";
				CLANG_ENABLE_MODULES = YES;
				CLANG_ENABLE_OBJC_ARC = YES;
				CLANG_WARN_BOOL_CONVERSION = YES;
				CLANG_WARN_CONSTANT_CONVERSION = YES;
				CLANG_WARN_DIRECT_OBJC_ISA_USAGE = YES_ERROR;
				CLANG_WARN_EMPTY_BODY = YES;
				CLANG_WARN_ENUM_CONVERSION = YES;
				CLANG_WARN_INT_CONVERSION = YES;
				CLANG_WARN_OBJC_ROOT_CLASS = YES_ERROR;
				CLANG_WARN_UNREACHABLE_CODE = YES;
				CLANG_WARN__DUPLICATE_METHOD_MATCH = YES;
				"CODE_SIGN_IDENTITY[sdk=iphoneos*]" = "iPhone Developer";
				COPY_PHASE_STRIP = NO;
				DEBUG_INFORMATION_FORMAT = "dwarf-with-dsym";
				ENABLE_NS_ASSERTIONS = NO;
				ENABLE_STRICT_OBJC_MSGSEND = YES;
				GCC_C_LANGUAGE_STANDARD = gnu99;
				GCC_NO_COMMON_BLOCKS = YES;
				GCC_WARN_64_TO_32_BIT_CONVERSION = YES;
				GCC_WARN_ABOUT_RETURN_TYPE = YES_ERROR;
				GCC_WARN_UNDECLARED_SELECTOR = YES;
				GCC_WARN_UNINITIALIZED_AUTOS = YES_AGGRESSIVE;
				GCC_WARN_UNUSED_FUNCTION = YES;
				GCC_WARN_UNUSED_VARIABLE = YES;
				IPHONEOS_DEPLOYMENT_TARGET = 8.3;
				MTL_ENABLE_DEBUG_INFO = NO;
				SDKROOT = iphoneos;
				TARGETED_DEVICE_FAMILY = "1,2";
				VALIDATE_PRODUCT = YES;
			};
			name = Release;
		};
		54364DC61B15E59E003331D1 /* Debug */ = {
			isa = XCBuildConfiguration;
			buildSettings = {
				ASSETCATALOG_COMPILER_APPICON_NAME = AppIcon;
				INFOPLIST_FILE = WestpacTest/Info.plist;
				LD_RUNPATH_SEARCH_PATHS = "$(inherited) @executable_path/Frameworks";
				PRODUCT_NAME = "$(TARGET_NAME)";
			};
			name = Debug;
		};
		54364DC71B15E59E003331D1 /* Release */ = {
			isa = XCBuildConfiguration;
			buildSettings = {
				ASSETCATALOG_COMPILER_APPICON_NAME = AppIcon;
				INFOPLIST_FILE = WestpacTest/Info.plist;
				LD_RUNPATH_SEARCH_PATHS = "$(inherited) @executable_path/Frameworks";
				PRODUCT_NAME = "$(TARGET_NAME)";
			};
			name = Release;
		};
		54364DC91B15E59E003331D1 /* Debug */ = {
			isa = XCBuildConfiguration;
			buildSettings = {
				BUNDLE_LOADER = "$(TEST_HOST)";
				FRAMEWORK_SEARCH_PATHS = (
					"$(SDKROOT)/Developer/Library/Frameworks",
					"$(inherited)",
				);
				GCC_PREPROCESSOR_DEFINITIONS = (
					"DEBUG=1",
					"$(inherited)",
				);
				INFOPLIST_FILE = WestpacTestTests/Info.plist;
				LD_RUNPATH_SEARCH_PATHS = "$(inherited) @executable_path/Frameworks @loader_path/Frameworks";
				PRODUCT_NAME = "$(TARGET_NAME)";
				TEST_HOST = "$(BUILT_PRODUCTS_DIR)/WestpacTest.app/WestpacTest";
			};
			name = Debug;
		};
		54364DCA1B15E59E003331D1 /* Release */ = {
			isa = XCBuildConfiguration;
			buildSettings = {
				BUNDLE_LOADER = "$(TEST_HOST)";
				FRAMEWORK_SEARCH_PATHS = (
					"$(SDKROOT)/Developer/Library/Frameworks",
					"$(inherited)",
				);
				INFOPLIST_FILE = WestpacTestTests/Info.plist;
				LD_RUNPATH_SEARCH_PATHS = "$(inherited) @executable_path/Frameworks @loader_path/Frameworks";
				PRODUCT_NAME = "$(TARGET_NAME)";
				TEST_HOST = "$(BUILT_PRODUCTS_DIR)/WestpacTest.app/WestpacTest";
			};
			name = Release;
		};
/* End XCBuildConfiguration section */

/* Begin XCConfigurationList section */
		54364D9D1B15E59E003331D1 /* Build configuration list for PBXProject "WestpacTest" */ = {
			isa = XCConfigurationList;
			buildConfigurations = (
				54364DC31B15E59E003331D1 /* Debug */,
				54364DC41B15E59E003331D1 /* Release */,
			);
			defaultConfigurationIsVisible = 0;
			defaultConfigurationName = Release;
		};
		54364DC51B15E59E003331D1 /* Build configuration list for PBXNativeTarget "WestpacTest" */ = {
			isa = XCConfigurationList;
			buildConfigurations = (
				54364DC61B15E59E003331D1 /* Debug */,
				54364DC71B15E59E003331D1 /* Release */,
			);
			defaultConfigurationIsVisible = 0;
		};
		54364DC81B15E59E003331D1 /* Build configuration list for PBXNativeTarget "WestpacTestTests" */ = {
			isa = XCConfigurationList;
			buildConfigurations = (
				54364DC91B15E59E003331D1 /* Debug */,
				54364DCA1B15E59E003331D1 /* Release */,
			);
			defaultConfigurationIsVisible = 0;
		};
/* End XCConfigurationList section */
	};
	rootObject = 54364D9A1B15E59E003331D1 /* Project object */;
}
